
Microsoft Visual Studio Solution File, Format Version 12.00
# Visual Studio Version 16
VisualStudioVersion = 16.0.30309.148
MinimumVisualStudioVersion = 10.0.40219.1
Project("{2150E333-8FDC-42A3-9474-1A3956D46DE8}") = "Domain", "Domain", "{428ADE20-AD9B-4A0B-85F3-914DD4F4A661}"
EndProject
Project("{2150E333-8FDC-42A3-9474-1A3956D46DE8}") = "Infra.Bus", "Infra.Bus", "{10C518B5-71A9-48D8-A792-B072D42C15AE}"
EndProject
Project("{2150E333-8FDC-42A3-9474-1A3956D46DE8}") = "Infra.IoC", "Infra.IoC", "{0A73DA7B-FCF5-43BA-8C82-787A637B10CF}"
EndProject
Project("{2150E333-8FDC-42A3-9474-1A3956D46DE8}") = "Microservices", "Microservices", "{9B172BB0-3463-42B5-AFF8-902838C00F65}"
EndProject
Project("{2150E333-8FDC-42A3-9474-1A3956D46DE8}") = "Presentation", "Presentation", "{135B1010-E7EA-4C49-A3AB-E5D0D84AF7DE}"
EndProject
Project("{9A19103F-16F7-4668-BE54-9A1E7A4F7556}") = "MicroRabbit.Domain.Core", "Domain\MicroRabbit.Domain.Core\MicroRabbit.Domain.Core.csproj", "{A4F085E9-98D4-45E0-B73E-B8C9300F62BB}"
EndProject
Project("{9A19103F-16F7-4668-BE54-9A1E7A4F7556}") = "MicroRabbit.Infra.Bus", "Infra.Bus\MicroRabbit.Infra.Bus\MicroRabbit.Infra.Bus.csproj", "{FB459E7B-7FAD-49A4-9006-8A492F46A32D}"
EndProject
Project("{9A19103F-16F7-4668-BE54-9A1E7A4F7556}") = "MicroRabbit.Infra.IoC", "Infra.IoC\MicroRabbit.Infra.IoC\MicroRabbit.Infra.IoC.csproj", "{4657D0E1-8070-4896-8447-9F8FDB6F60A8}"
EndProject
Project("{2150E333-8FDC-42A3-9474-1A3956D46DE8}") = "Banking", "Banking", "{84D577FA-BC0A-4311-9891-94FEFC2DF5BE}"
EndProject
Project("{2150E333-8FDC-42A3-9474-1A3956D46DE8}") = "Domain", "Domain", "{849A2DEC-A8DB-470F-94E0-900CF9BB9745}"
EndProject
Project("{2150E333-8FDC-42A3-9474-1A3956D46DE8}") = "Data", "Data", "{C4D49E13-39BE-4282-B8C1-5A5C1DFECF3D}"
EndProject
Project("{2150E333-8FDC-42A3-9474-1A3956D46DE8}") = "Application", "Application", "{CFE20059-D352-45C1-BDF6-01B6267EF96A}"
EndProject
Project("{2150E333-8FDC-42A3-9474-1A3956D46DE8}") = "Api", "Api", "{4F2E6A19-A72B-43CA-BDF4-6001B5FBBFCD}"
EndProject
Project("{9A19103F-16F7-4668-BE54-9A1E7A4F7556}") = "MicroRabbit.Banking.Application", "Microservices\MicroRabbit.Banking.Application\MicroRabbit.Banking.Application.csproj", "{0B9FFE0D-EE18-4533-BEAA-06D902625D92}"
EndProject
Project("{9A19103F-16F7-4668-BE54-9A1E7A4F7556}") = "MicroRabbit.Banking.Data", "Microservices\MicroRabbit.Banking.Data\MicroRabbit.Banking.Data.csproj", "{2AC49EFF-3A5E-4973-8921-31492E5C2B9E}"
EndProject
Project("{9A19103F-16F7-4668-BE54-9A1E7A4F7556}") = "MicroRabbit.Banking.Domain", "Microservices\MicroRabbit.Banking.Domain\MicroRabbit.Banking.Domain.csproj", "{8DF24B09-275A-429A-85BD-45FCF2649C33}"
EndProject
Project("{2150E333-8FDC-42A3-9474-1A3956D46DE8}") = "Transfer", "Transfer", "{BA196002-B067-4DD7-A1C3-12AB463CAF63}"
EndProject
Project("{2150E333-8FDC-42A3-9474-1A3956D46DE8}") = "Api", "Api", "{FAC3FE70-3F54-4682-9422-36238C6169A2}"
EndProject
Project("{2150E333-8FDC-42A3-9474-1A3956D46DE8}") = "Application", "Application", "{532C12E2-8BA6-45AB-A4D8-D4A02C6AD4D0}"
EndProject
Project("{2150E333-8FDC-42A3-9474-1A3956D46DE8}") = "Data", "Data", "{4499E8F3-D7B7-48B0-B0B3-C2CC7F72DC28}"
EndProject
Project("{2150E333-8FDC-42A3-9474-1A3956D46DE8}") = "Domain", "Domain", "{C293E4D5-3145-418E-8603-8F524BC1A413}"
EndProject
Project("{9A19103F-16F7-4668-BE54-9A1E7A4F7556}") = "MicroRabbit.Transfer.Api", "Microservices\MicroRabbit.Transfer.Api\MicroRabbit.Transfer.Api.csproj", "{8C16E349-8E12-4731-B720-6816F566DE49}"
EndProject
Project("{9A19103F-16F7-4668-BE54-9A1E7A4F7556}") = "MicroRabbit.Transfer.Application", "Microservices\MicroRabbit.Transfer.Application\MicroRabbit.Transfer.Application.csproj", "{B7DA424F-6D41-44FE-86C2-03D7B286B8B8}"
EndProject
Project("{9A19103F-16F7-4668-BE54-9A1E7A4F7556}") = "MicroRabbit.Transfer.Data", "Microservices\MicroRabbit.Transfer.Data\MicroRabbit.Transfer.Data.csproj", "{ADC91426-13B0-47FC-88C8-707D6EB3ECBB}"
EndProject
Project("{9A19103F-16F7-4668-BE54-9A1E7A4F7556}") = "MicroRabbit.Transfer.Domain", "Microservices\MicroRabbit.Transfer.Domain\MicroRabbit.Transfer.Domain.csproj", "{D1B3B19F-B11B-43C3-9EC9-4880647974FF}"
EndProject
Project("{9A19103F-16F7-4668-BE54-9A1E7A4F7556}") = "MicroRabbit.Banking.Api", "Microservices\MicroRabbit.Banking.Api\MicroRabbit.Banking.Api.csproj", "{EF897F64-2262-4AD6-AD51-5B79C6B181D7}"
EndProject
Global
	GlobalSection(SolutionConfigurationPlatforms) = preSolution
		Debug|Any CPU = Debug|Any CPU
		Release|Any CPU = Release|Any CPU
	EndGlobalSection
	GlobalSection(ProjectConfigurationPlatforms) = postSolution
		{A4F085E9-98D4-45E0-B73E-B8C9300F62BB}.Debug|Any CPU.ActiveCfg = Debug|Any CPU
		{A4F085E9-98D4-45E0-B73E-B8C9300F62BB}.Debug|Any CPU.Build.0 = Debug|Any CPU
		{A4F085E9-98D4-45E0-B73E-B8C9300F62BB}.Release|Any CPU.ActiveCfg = Release|Any CPU
		{A4F085E9-98D4-45E0-B73E-B8C9300F62BB}.Release|Any CPU.Build.0 = Release|Any CPU
		{FB459E7B-7FAD-49A4-9006-8A492F46A32D}.Debug|Any CPU.ActiveCfg = Debug|Any CPU
		{FB459E7B-7FAD-49A4-9006-8A492F46A32D}.Debug|Any CPU.Build.0 = Debug|Any CPU
		{FB459E7B-7FAD-49A4-9006-8A492F46A32D}.Release|Any CPU.ActiveCfg = Release|Any CPU
		{FB459E7B-7FAD-49A4-9006-8A492F46A32D}.Release|Any CPU.Build.0 = Release|Any CPU
		{4657D0E1-8070-4896-8447-9F8FDB6F60A8}.Debug|Any CPU.ActiveCfg = Debug|Any CPU
		{4657D0E1-8070-4896-8447-9F8FDB6F60A8}.Debug|Any CPU.Build.0 = Debug|Any CPU
		{4657D0E1-8070-4896-8447-9F8FDB6F60A8}.Release|Any CPU.ActiveCfg = Release|Any CPU
		{4657D0E1-8070-4896-8447-9F8FDB6F60A8}.Release|Any CPU.Build.0 = Release|Any CPU
		{0B9FFE0D-EE18-4533-BEAA-06D902625D92}.Debug|Any CPU.ActiveCfg = Debug|Any CPU
		{0B9FFE0D-EE18-4533-BEAA-06D902625D92}.Debug|Any CPU.Build.0 = Debug|Any CPU
		{0B9FFE0D-EE18-4533-BEAA-06D902625D92}.Release|Any CPU.ActiveCfg = Release|Any CPU
		{0B9FFE0D-EE18-4533-BEAA-06D902625D92}.Release|Any CPU.Build.0 = Release|Any CPU
		{2AC49EFF-3A5E-4973-8921-31492E5C2B9E}.Debug|Any CPU.ActiveCfg = Debug|Any CPU
		{2AC49EFF-3A5E-4973-8921-31492E5C2B9E}.Debug|Any CPU.Build.0 = Debug|Any CPU
		{2AC49EFF-3A5E-4973-8921-31492E5C2B9E}.Release|Any CPU.ActiveCfg = Release|Any CPU
		{2AC49EFF-3A5E-4973-8921-31492E5C2B9E}.Release|Any CPU.Build.0 = Release|Any CPU
		{8DF24B09-275A-429A-85BD-45FCF2649C33}.Debug|Any CPU.ActiveCfg = Debug|Any CPU
		{8DF24B09-275A-429A-85BD-45FCF2649C33}.Debug|Any CPU.Build.0 = Debug|Any CPU
		{8DF24B09-275A-429A-85BD-45FCF2649C33}.Release|Any CPU.ActiveCfg = Release|Any CPU
		{8DF24B09-275A-429A-85BD-45FCF2649C33}.Release|Any CPU.Build.0 = Release|Any CPU
		{8C16E349-8E12-4731-B720-6816F566DE49}.Debug|Any CPU.ActiveCfg = Debug|Any CPU
		{8C16E349-8E12-4731-B720-6816F566DE49}.Debug|Any CPU.Build.0 = Debug|Any CPU
		{8C16E349-8E12-4731-B720-6816F566DE49}.Release|Any CPU.ActiveCfg = Release|Any CPU
		{8C16E349-8E12-4731-B720-6816F566DE49}.Release|Any CPU.Build.0 = Release|Any CPU
		{B7DA424F-6D41-44FE-86C2-03D7B286B8B8}.Debug|Any CPU.ActiveCfg = Debug|Any CPU
		{B7DA424F-6D41-44FE-86C2-03D7B286B8B8}.Debug|Any CPU.Build.0 = Debug|Any CPU
		{B7DA424F-6D41-44FE-86C2-03D7B286B8B8}.Release|Any CPU.ActiveCfg = Release|Any CPU
		{B7DA424F-6D41-44FE-86C2-03D7B286B8B8}.Release|Any CPU.Build.0 = Release|Any CPU
		{ADC91426-13B0-47FC-88C8-707D6EB3ECBB}.Debug|Any CPU.ActiveCfg = Debug|Any CPU
		{ADC91426-13B0-47FC-88C8-707D6EB3ECBB}.Debug|Any CPU.Build.0 = Debug|Any CPU
		{ADC91426-13B0-47FC-88C8-707D6EB3ECBB}.Release|Any CPU.ActiveCfg = Release|Any CPU
		{ADC91426-13B0-47FC-88C8-707D6EB3ECBB}.Release|Any CPU.Build.0 = Release|Any CPU
		{D1B3B19F-B11B-43C3-9EC9-4880647974FF}.Debug|Any CPU.ActiveCfg = Debug|Any CPU
		{D1B3B19F-B11B-43C3-9EC9-4880647974FF}.Debug|Any CPU.Build.0 = Debug|Any CPU
		{D1B3B19F-B11B-43C3-9EC9-4880647974FF}.Release|Any CPU.ActiveCfg = Release|Any CPU
		{D1B3B19F-B11B-43C3-9EC9-4880647974FF}.Release|Any CPU.Build.0 = Release|Any CPU
		{EF897F64-2262-4AD6-AD51-5B79C6B181D7}.Debug|Any CPU.ActiveCfg = Debug|Any CPU
		{EF897F64-2262-4AD6-AD51-5B79C6B181D7}.Debug|Any CPU.Build.0 = Debug|Any CPU
		{EF897F64-2262-4AD6-AD51-5B79C6B181D7}.Release|Any CPU.ActiveCfg = Release|Any CPU
		{EF897F64-2262-4AD6-AD51-5B79C6B181D7}.Release|Any CPU.Build.0 = Release|Any CPU
	EndGlobalSection
	GlobalSection(SolutionProperties) = preSolution
		HideSolutionNode = FALSE
	EndGlobalSection
	GlobalSection(NestedProjects) = preSolution
		{A4F085E9-98D4-45E0-B73E-B8C9300F62BB} = {428ADE20-AD9B-4A0B-85F3-914DD4F4A661}
		{FB459E7B-7FAD-49A4-9006-8A492F46A32D} = {10C518B5-71A9-48D8-A792-B072D42C15AE}
		{4657D0E1-8070-4896-8447-9F8FDB6F60A8} = {0A73DA7B-FCF5-43BA-8C82-787A637B10CF}
		{84D577FA-BC0A-4311-9891-94FEFC2DF5BE} = {9B172BB0-3463-42B5-AFF8-902838C00F65}
		{849A2DEC-A8DB-470F-94E0-900CF9BB9745} = {84D577FA-BC0A-4311-9891-94FEFC2DF5BE}
		{C4D49E13-39BE-4282-B8C1-5A5C1DFECF3D} = {84D577FA-BC0A-4311-9891-94FEFC2DF5BE}
		{CFE20059-D352-45C1-BDF6-01B6267EF96A} = {84D577FA-BC0A-4311-9891-94FEFC2DF5BE}
		{4F2E6A19-A72B-43CA-BDF4-6001B5FBBFCD} = {84D577FA-BC0A-4311-9891-94FEFC2DF5BE}
		{0B9FFE0D-EE18-4533-BEAA-06D902625D92} = {CFE20059-D352-45C1-BDF6-01B6267EF96A}
		{2AC49EFF-3A5E-4973-8921-31492E5C2B9E} = {C4D49E13-39BE-4282-B8C1-5A5C1DFECF3D}
		{8DF24B09-275A-429A-85BD-45FCF2649C33} = {849A2DEC-A8DB-470F-94E0-900CF9BB9745}
		{BA196002-B067-4DD7-A1C3-12AB463CAF63} = {9B172BB0-3463-42B5-AFF8-902838C00F65}
		{FAC3FE70-3F54-4682-9422-36238C6169A2} = {BA196002-B067-4DD7-A1C3-12AB463CAF63}
		{532C12E2-8BA6-45AB-A4D8-D4A02C6AD4D0} = {BA196002-B067-4DD7-A1C3-12AB463CAF63}
		{4499E8F3-D7B7-48B0-B0B3-C2CC7F72DC28} = {BA196002-B067-4DD7-A1C3-12AB463CAF63}
		{C293E4D5-3145-418E-8603-8F524BC1A413} = {BA196002-B067-4DD7-A1C3-12AB463CAF63}
		{8C16E349-8E12-4731-B720-6816F566DE49} = {FAC3FE70-3F54-4682-9422-36238C6169A2}
		{B7DA424F-6D41-44FE-86C2-03D7B286B8B8} = {532C12E2-8BA6-45AB-A4D8-D4A02C6AD4D0}
		{ADC91426-13B0-47FC-88C8-707D6EB3ECBB} = {4499E8F3-D7B7-48B0-B0B3-C2CC7F72DC28}
		{D1B3B19F-B11B-43C3-9EC9-4880647974FF} = {C293E4D5-3145-418E-8603-8F524BC1A413}
		{EF897F64-2262-4AD6-AD51-5B79C6B181D7} = {4F2E6A19-A72B-43CA-BDF4-6001B5FBBFCD}
	EndGlobalSection
	GlobalSection(ExtensibilityGlobals) = postSolution
		SolutionGuid = {649FA159-3A5C-4A1A-AE23-60E9241BCC2A}
	EndGlobalSection
EndGlobal
